
Microsoft Visual Studio Solution File, Format Version 12.00
# Visual Studio 15
Project("{FAE04EC0-301F-11D3-BF4B-00C04F79EFBC}") = "PureDOTS.Authoring", "PureDOTS.Authoring.csproj", "{0DEB2CE4-A84F-8D53-5ABC-91240B5755B4}"
EndProject
Project("{FAE04EC0-301F-11D3-BF4B-00C04F79EFBC}") = "Godgame.Editor", "Godgame.Editor.csproj", "{D9B6071A-17CB-C4BC-8714-E80613829339}"
EndProject
Project("{FAE04EC0-301F-11D3-BF4B-00C04F79EFBC}") = "PureDOTS.Tests.Playmode", "PureDOTS.Tests.Playmode.csproj", "{6216C630-4CA9-AB2D-6389-88B165D082AB}"
EndProject
Project("{FAE04EC0-301F-11D3-BF4B-00C04F79EFBC}") = "PureDOTS.Systems", "PureDOTS.Systems.csproj", "{379B40A0-3AFF-1121-58CD-6605ACAD7448}"
EndProject
Project("{FAE04EC0-301F-11D3-BF4B-00C04F79EFBC}") = "PureDOTS.Input", "PureDOTS.Input.csproj", "{49F2CF5E-B47A-0CD9-B058-467A5D138242}"
EndProject
Project("{FAE04EC0-301F-11D3-BF4B-00C04F79EFBC}") = "Space4X.Placeholder", "Space4X.Placeholder.csproj", "{F0AE7649-B110-3437-66CD-017CC8061AC6}"
EndProject
Project("{FAE04EC0-301F-11D3-BF4B-00C04F79EFBC}") = "PureDOTS.Runtime", "PureDOTS.Runtime.csproj", "{80A41BBA-99D6-ABF2-6707-1701072A2DF8}"
EndProject
Project("{FAE04EC0-301F-11D3-BF4B-00C04F79EFBC}") = "Space4X.Gameplay", "Space4X.Gameplay.csproj", "{FCA1E66F-EE87-51AB-AD61-375B9A5A0EB5}"
EndProject
Project("{FAE04EC0-301F-11D3-BF4B-00C04F79EFBC}") = "PureDOTS.Tests.Integration", "PureDOTS.Tests.Integration.csproj", "{F3F3531F-B554-EBD2-6FA7-EE0185C78906}"
EndProject
Project("{FAE04EC0-301F-11D3-BF4B-00C04F79EFBC}") = "PureDOTS.Editor", "PureDOTS.Editor.csproj", "{A7E708EB-E694-C48C-AEC8-CFE09D6153A2}"
EndProject
Project("{FAE04EC0-301F-11D3-BF4B-00C04F79EFBC}") = "PureDOTS.Tests", "PureDOTS.Tests.csproj", "{D71EE286-805B-6DCF-2699-28579F602FDD}"
EndProject
Project("{FAE04EC0-301F-11D3-BF4B-00C04F79EFBC}") = "PureDOTS.Tests.Support", "PureDOTS.Tests.Support.csproj", "{4FF8C378-70D8-BE76-B435-19F710E3D345}"
EndProject
Project("{FAE04EC0-301F-11D3-BF4B-00C04F79EFBC}") = "Godgame.Gameplay", "Godgame.Gameplay.csproj", "{D2F97950-CBB6-1E17-C918-5B186B1F5F53}"
EndProject
Project("{FAE04EC0-301F-11D3-BF4B-00C04F79EFBC}") = "PureDOTS.EditorTests", "PureDOTS.EditorTests.csproj", "{204A1BD3-F0F1-C557-F7D2-B152C82B17CE}"
EndProject
Project("{FAE04EC0-301F-11D3-BF4B-00C04F79EFBC}") = "Godgame.Authoring", "Godgame.Authoring.csproj", "{B65695C5-6094-6C9B-2D0D-F11B52DB6C9E}"
EndProject
Project("{FAE04EC0-301F-11D3-BF4B-00C04F79EFBC}") = "Assembly-CSharp-Editor", "Assembly-CSharp-Editor.csproj", "{3553DDBA-4826-EBE6-A808-FB876036ADB5}"
EndProject
Project("{FAE04EC0-301F-11D3-BF4B-00C04F79EFBC}") = "Assembly-CSharp", "Assembly-CSharp.csproj", "{28A5BE5A-326C-002C-92D1-C8CC073F0E23}"
EndProject
Project("{FAE04EC0-301F-11D3-BF4B-00C04F79EFBC}") = "PureDOTS.Config", "PureDOTS.Config.csproj", "{42DF73EE-8D9F-FECF-BC7C-CB6FA75B0C64}"
EndProject
Project("{FAE04EC0-301F-11D3-BF4B-00C04F79EFBC}") = "Space4X.Gameplay.Tests", "Space4X.Gameplay.Tests.csproj", "{49BA6AD7-54ED-3FC6-8C13-D79CA894005A}"
EndProject
Global
	GlobalSection(SolutionConfigurationPlatforms) = preSolution
		Debug|Any CPU = Debug|Any CPU
		Release|Any CPU = Release|Any CPU
	EndGlobalSection
	GlobalSection(ProjectConfigurationPlatforms) = postSolution
		{0DEB2CE4-A84F-8D53-5ABC-91240B5755B4}.Debug|Any CPU.ActiveCfg = Debug|Any CPU
		{0DEB2CE4-A84F-8D53-5ABC-91240B5755B4}.Debug|Any CPU.Build.0 = Debug|Any CPU
		{0DEB2CE4-A84F-8D53-5ABC-91240B5755B4}.Release|Any CPU.ActiveCfg = Release|Any CPU
		{0DEB2CE4-A84F-8D53-5ABC-91240B5755B4}.Release|Any CPU.Build.0 = Release|Any CPU
		{D9B6071A-17CB-C4BC-8714-E80613829339}.Debug|Any CPU.ActiveCfg = Debug|Any CPU
		{D9B6071A-17CB-C4BC-8714-E80613829339}.Debug|Any CPU.Build.0 = Debug|Any CPU
		{D9B6071A-17CB-C4BC-8714-E80613829339}.Release|Any CPU.ActiveCfg = Release|Any CPU
		{D9B6071A-17CB-C4BC-8714-E80613829339}.Release|Any CPU.Build.0 = Release|Any CPU
		{6216C630-4CA9-AB2D-6389-88B165D082AB}.Debug|Any CPU.ActiveCfg = Debug|Any CPU
		{6216C630-4CA9-AB2D-6389-88B165D082AB}.Debug|Any CPU.Build.0 = Debug|Any CPU
		{6216C630-4CA9-AB2D-6389-88B165D082AB}.Release|Any CPU.ActiveCfg = Release|Any CPU
		{6216C630-4CA9-AB2D-6389-88B165D082AB}.Release|Any CPU.Build.0 = Release|Any CPU
		{379B40A0-3AFF-1121-58CD-6605ACAD7448}.Debug|Any CPU.ActiveCfg = Debug|Any CPU
		{379B40A0-3AFF-1121-58CD-6605ACAD7448}.Debug|Any CPU.Build.0 = Debug|Any CPU
		{379B40A0-3AFF-1121-58CD-6605ACAD7448}.Release|Any CPU.ActiveCfg = Release|Any CPU
		{379B40A0-3AFF-1121-58CD-6605ACAD7448}.Release|Any CPU.Build.0 = Release|Any CPU
		{49F2CF5E-B47A-0CD9-B058-467A5D138242}.Debug|Any CPU.ActiveCfg = Debug|Any CPU
		{49F2CF5E-B47A-0CD9-B058-467A5D138242}.Debug|Any CPU.Build.0 = Debug|Any CPU
		{49F2CF5E-B47A-0CD9-B058-467A5D138242}.Release|Any CPU.ActiveCfg = Release|Any CPU
		{49F2CF5E-B47A-0CD9-B058-467A5D138242}.Release|Any CPU.Build.0 = Release|Any CPU
		{F0AE7649-B110-3437-66CD-017CC8061AC6}.Debug|Any CPU.ActiveCfg = Debug|Any CPU
		{F0AE7649-B110-3437-66CD-017CC8061AC6}.Debug|Any CPU.Build.0 = Debug|Any CPU
		{F0AE7649-B110-3437-66CD-017CC8061AC6}.Release|Any CPU.ActiveCfg = Release|Any CPU
		{F0AE7649-B110-3437-66CD-017CC8061AC6}.Release|Any CPU.Build.0 = Release|Any CPU
		{80A41BBA-99D6-ABF2-6707-1701072A2DF8}.Debug|Any CPU.ActiveCfg = Debug|Any CPU
		{80A41BBA-99D6-ABF2-6707-1701072A2DF8}.Debug|Any CPU.Build.0 = Debug|Any CPU
		{80A41BBA-99D6-ABF2-6707-1701072A2DF8}.Release|Any CPU.ActiveCfg = Release|Any CPU
		{80A41BBA-99D6-ABF2-6707-1701072A2DF8}.Release|Any CPU.Build.0 = Release|Any CPU
		{FCA1E66F-EE87-51AB-AD61-375B9A5A0EB5}.Debug|Any CPU.ActiveCfg = Debug|Any CPU
		{FCA1E66F-EE87-51AB-AD61-375B9A5A0EB5}.Debug|Any CPU.Build.0 = Debug|Any CPU
		{FCA1E66F-EE87-51AB-AD61-375B9A5A0EB5}.Release|Any CPU.ActiveCfg = Release|Any CPU
		{FCA1E66F-EE87-51AB-AD61-375B9A5A0EB5}.Release|Any CPU.Build.0 = Release|Any CPU
		{F3F3531F-B554-EBD2-6FA7-EE0185C78906}.Debug|Any CPU.ActiveCfg = Debug|Any CPU
		{F3F3531F-B554-EBD2-6FA7-EE0185C78906}.Debug|Any CPU.Build.0 = Debug|Any CPU
		{F3F3531F-B554-EBD2-6FA7-EE0185C78906}.Release|Any CPU.ActiveCfg = Release|Any CPU
		{F3F3531F-B554-EBD2-6FA7-EE0185C78906}.Release|Any CPU.Build.0 = Release|Any CPU
		{A7E708EB-E694-C48C-AEC8-CFE09D6153A2}.Debug|Any CPU.ActiveCfg = Debug|Any CPU
		{A7E708EB-E694-C48C-AEC8-CFE09D6153A2}.Debug|Any CPU.Build.0 = Debug|Any CPU
		{A7E708EB-E694-C48C-AEC8-CFE09D6153A2}.Release|Any CPU.ActiveCfg = Release|Any CPU
		{A7E708EB-E694-C48C-AEC8-CFE09D6153A2}.Release|Any CPU.Build.0 = Release|Any CPU
		{D71EE286-805B-6DCF-2699-28579F602FDD}.Debug|Any CPU.ActiveCfg = Debug|Any CPU
		{D71EE286-805B-6DCF-2699-28579F602FDD}.Debug|Any CPU.Build.0 = Debug|Any CPU
		{D71EE286-805B-6DCF-2699-28579F602FDD}.Release|Any CPU.ActiveCfg = Release|Any CPU
		{D71EE286-805B-6DCF-2699-28579F602FDD}.Release|Any CPU.Build.0 = Release|Any CPU
		{4FF8C378-70D8-BE76-B435-19F710E3D345}.Debug|Any CPU.ActiveCfg = Debug|Any CPU
		{4FF8C378-70D8-BE76-B435-19F710E3D345}.Debug|Any CPU.Build.0 = Debug|Any CPU
		{4FF8C378-70D8-BE76-B435-19F710E3D345}.Release|Any CPU.ActiveCfg = Release|Any CPU
		{4FF8C378-70D8-BE76-B435-19F710E3D345}.Release|Any CPU.Build.0 = Release|Any CPU
		{D2F97950-CBB6-1E17-C918-5B186B1F5F53}.Debug|Any CPU.ActiveCfg = Debug|Any CPU
		{D2F97950-CBB6-1E17-C918-5B186B1F5F53}.Debug|Any CPU.Build.0 = Debug|Any CPU
		{D2F97950-CBB6-1E17-C918-5B186B1F5F53}.Release|Any CPU.ActiveCfg = Release|Any CPU
		{D2F97950-CBB6-1E17-C918-5B186B1F5F53}.Release|Any CPU.Build.0 = Release|Any CPU
		{204A1BD3-F0F1-C557-F7D2-B152C82B17CE}.Debug|Any CPU.ActiveCfg = Debug|Any CPU
		{204A1BD3-F0F1-C557-F7D2-B152C82B17CE}.Debug|Any CPU.Build.0 = Debug|Any CPU
		{204A1BD3-F0F1-C557-F7D2-B152C82B17CE}.Release|Any CPU.ActiveCfg = Release|Any CPU
		{204A1BD3-F0F1-C557-F7D2-B152C82B17CE}.Release|Any CPU.Build.0 = Release|Any CPU
		{B65695C5-6094-6C9B-2D0D-F11B52DB6C9E}.Debug|Any CPU.ActiveCfg = Debug|Any CPU
		{B65695C5-6094-6C9B-2D0D-F11B52DB6C9E}.Debug|Any CPU.Build.0 = Debug|Any CPU
		{B65695C5-6094-6C9B-2D0D-F11B52DB6C9E}.Release|Any CPU.ActiveCfg = Release|Any CPU
		{B65695C5-6094-6C9B-2D0D-F11B52DB6C9E}.Release|Any CPU.Build.0 = Release|Any CPU
		{3553DDBA-4826-EBE6-A808-FB876036ADB5}.Debug|Any CPU.ActiveCfg = Debug|Any CPU
		{3553DDBA-4826-EBE6-A808-FB876036ADB5}.Debug|Any CPU.Build.0 = Debug|Any CPU
		{3553DDBA-4826-EBE6-A808-FB876036ADB5}.Release|Any CPU.ActiveCfg = Release|Any CPU
		{3553DDBA-4826-EBE6-A808-FB876036ADB5}.Release|Any CPU.Build.0 = Release|Any CPU
		{28A5BE5A-326C-002C-92D1-C8CC073F0E23}.Debug|Any CPU.ActiveCfg = Debug|Any CPU
		{28A5BE5A-326C-002C-92D1-C8CC073F0E23}.Debug|Any CPU.Build.0 = Debug|Any CPU
		{28A5BE5A-326C-002C-92D1-C8CC073F0E23}.Release|Any CPU.ActiveCfg = Release|Any CPU
		{28A5BE5A-326C-002C-92D1-C8CC073F0E23}.Release|Any CPU.Build.0 = Release|Any CPU
		{42DF73EE-8D9F-FECF-BC7C-CB6FA75B0C64}.Debug|Any CPU.ActiveCfg = Debug|Any CPU
		{42DF73EE-8D9F-FECF-BC7C-CB6FA75B0C64}.Debug|Any CPU.Build.0 = Debug|Any CPU
		{42DF73EE-8D9F-FECF-BC7C-CB6FA75B0C64}.Release|Any CPU.ActiveCfg = Release|Any CPU
		{42DF73EE-8D9F-FECF-BC7C-CB6FA75B0C64}.Release|Any CPU.Build.0 = Release|Any CPU
		{49BA6AD7-54ED-3FC6-8C13-D79CA894005A}.Debug|Any CPU.ActiveCfg = Debug|Any CPU
		{49BA6AD7-54ED-3FC6-8C13-D79CA894005A}.Debug|Any CPU.Build.0 = Debug|Any CPU
		{49BA6AD7-54ED-3FC6-8C13-D79CA894005A}.Release|Any CPU.ActiveCfg = Release|Any CPU
		{49BA6AD7-54ED-3FC6-8C13-D79CA894005A}.Release|Any CPU.Build.0 = Release|Any CPU
	EndGlobalSection
	GlobalSection(SolutionProperties) = preSolution
		HideSolutionNode = FALSE
	EndGlobalSection
EndGlobal
